
Microsoft Visual Studio Solution File, Format Version 12.00
# Visual Studio Version 17
VisualStudioVersion = 17.7.34024.191
MinimumVisualStudioVersion = 10.0.40219.1
Project("{2150E333-8FDC-42A3-9474-1A3956D46DE8}") = "Services", "Services", "{CF70CE94-3CB2-4BB1-9C33-CFB464105B1F}"
EndProject
Project("{2150E333-8FDC-42A3-9474-1A3956D46DE8}") = "Catalog", "Catalog", "{B62B83D7-8342-4AF1-9FC8-FAFE971700AF}"
EndProject
Project("{9A19103F-16F7-4668-BE54-9A1E7A4F7556}") = "Course.Services.Catalog", "Services\Catalog\Course.Services.Catalog\Course.Services.Catalog.csproj", "{173A7B47-D4DB-4F2F-9BAA-F8D416FB39BD}"
EndProject
Project("{2150E333-8FDC-42A3-9474-1A3956D46DE8}") = "Solution Items", "Solution Items", "{CD9D40C4-9E58-49A7-A369-C41C4545EE39}"
	ProjectSection(SolutionItems) = preProject
		Ports.txt = Ports.txt
	EndProjectSection
EndProject
Project("{2150E333-8FDC-42A3-9474-1A3956D46DE8}") = "Shared", "Shared", "{E0EC2096-FB4B-42B9-8DF0-7945CCF8541E}"
EndProject
Project("{FAE04EC0-301F-11D3-BF4B-00C04F79EFBC}") = "Course.Shared", "Shared\Course.Shared\Course.Shared.csproj", "{06460690-2422-425A-943A-6B0797B7C0CD}"
EndProject
Global
	GlobalSection(SolutionConfigurationPlatforms) = preSolution
		Debug|Any CPU = Debug|Any CPU
		Release|Any CPU = Release|Any CPU
	EndGlobalSection
	GlobalSection(ProjectConfigurationPlatforms) = postSolution
		{173A7B47-D4DB-4F2F-9BAA-F8D416FB39BD}.Debug|Any CPU.ActiveCfg = Debug|Any CPU
		{173A7B47-D4DB-4F2F-9BAA-F8D416FB39BD}.Debug|Any CPU.Build.0 = Debug|Any CPU
		{173A7B47-D4DB-4F2F-9BAA-F8D416FB39BD}.Release|Any CPU.ActiveCfg = Release|Any CPU
		{173A7B47-D4DB-4F2F-9BAA-F8D416FB39BD}.Release|Any CPU.Build.0 = Release|Any CPU
		{06460690-2422-425A-943A-6B0797B7C0CD}.Debug|Any CPU.ActiveCfg = Debug|Any CPU
		{06460690-2422-425A-943A-6B0797B7C0CD}.Debug|Any CPU.Build.0 = Debug|Any CPU
		{06460690-2422-425A-943A-6B0797B7C0CD}.Release|Any CPU.ActiveCfg = Release|Any CPU
		{06460690-2422-425A-943A-6B0797B7C0CD}.Release|Any CPU.Build.0 = Release|Any CPU
	EndGlobalSection
	GlobalSection(SolutionProperties) = preSolution
		HideSolutionNode = FALSE
	EndGlobalSection
	GlobalSection(NestedProjects) = preSolution
		{B62B83D7-8342-4AF1-9FC8-FAFE971700AF} = {CF70CE94-3CB2-4BB1-9C33-CFB464105B1F}
		{173A7B47-D4DB-4F2F-9BAA-F8D416FB39BD} = {B62B83D7-8342-4AF1-9FC8-FAFE971700AF}
		{06460690-2422-425A-943A-6B0797B7C0CD} = {E0EC2096-FB4B-42B9-8DF0-7945CCF8541E}
	EndGlobalSection
	GlobalSection(ExtensibilityGlobals) = postSolution
		SolutionGuid = {378DDD60-6730-4650-AEF2-DD2991B8C521}
	EndGlobalSection
EndGlobal
